// !$*UTF8*$!
{
	archiveVersion = 1;
	classes = {
	};
	objectVersion = 46;
	objects = {

/* Begin PBXBuildFile section */
		6C5EB30B18862D710055FFE4 /* ELine.m in Sources */ = {isa = PBXBuildFile; fileRef = 6C5EB30A18862D710055FFE4 /* ELine.m */; };
		6C795C8218596AA500C80D60 /* EColor.m in Sources */ = {isa = PBXBuildFile; fileRef = 6C795C8118596AA500C80D60 /* EColor.m */; };
		6C9EDB331860281200291D95 /* EFloatBox.m in Sources */ = {isa = PBXBuildFile; fileRef = 6C9EDB321860281200291D95 /* EFloatBox.m */; };
		6C9FB09D18962E14002920E6 /* UICountingLabel.m in Sources */ = {isa = PBXBuildFile; fileRef = 6C9FB09C18962E14002920E6 /* UICountingLabel.m */; };
		6CAE9BAE185AEB3F009AA75B /* EColumnChartLabel.m in Sources */ = {isa = PBXBuildFile; fileRef = 6CAE9BAD185AEB3F009AA75B /* EColumnChartLabel.m */; };
		6CB6E7F718586A3700B99AA3 /* Foundation.framework in Frameworks */ = {isa = PBXBuildFile; fileRef = 6CB6E7F618586A3700B99AA3 /* Foundation.framework */; };
		6CB6E7F918586A3800B99AA3 /* CoreGraphics.framework in Frameworks */ = {isa = PBXBuildFile; fileRef = 6CB6E7F818586A3800B99AA3 /* CoreGraphics.framework */; };
		6CB6E7FB18586A3800B99AA3 /* UIKit.framework in Frameworks */ = {isa = PBXBuildFile; fileRef = 6CB6E7FA18586A3800B99AA3 /* UIKit.framework */; };
		6CB6E80118586A3800B99AA3 /* InfoPlist.strings in Resources */ = {isa = PBXBuildFile; fileRef = 6CB6E7FF18586A3800B99AA3 /* InfoPlist.strings */; };
		6CB6E80318586A3800B99AA3 /* main.m in Sources */ = {isa = PBXBuildFile; fileRef = 6CB6E80218586A3800B99AA3 /* main.m */; };
		6CB6E80718586A3800B99AA3 /* EChartAppDelegate.m in Sources */ = {isa = PBXBuildFile; fileRef = 6CB6E80618586A3800B99AA3 /* EChartAppDelegate.m */; };
		6CB6E80A18586A3800B99AA3 /* Main.storyboard in Resources */ = {isa = PBXBuildFile; fileRef = 6CB6E80818586A3800B99AA3 /* Main.storyboard */; };
		6CB6E80D18586A3800B99AA3 /* EChartViewController.m in Sources */ = {isa = PBXBuildFile; fileRef = 6CB6E80C18586A3800B99AA3 /* EChartViewController.m */; };
		6CB6E80F18586A3800B99AA3 /* Images.xcassets in Resources */ = {isa = PBXBuildFile; fileRef = 6CB6E80E18586A3800B99AA3 /* Images.xcassets */; };
		6CB6E81618586A3800B99AA3 /* XCTest.framework in Frameworks */ = {isa = PBXBuildFile; fileRef = 6CB6E81518586A3800B99AA3 /* XCTest.framework */; };
		6CB6E81718586A3800B99AA3 /* Foundation.framework in Frameworks */ = {isa = PBXBuildFile; fileRef = 6CB6E7F618586A3700B99AA3 /* Foundation.framework */; };
		6CB6E81818586A3800B99AA3 /* UIKit.framework in Frameworks */ = {isa = PBXBuildFile; fileRef = 6CB6E7FA18586A3800B99AA3 /* UIKit.framework */; };
		6CB6E82018586A3800B99AA3 /* InfoPlist.strings in Resources */ = {isa = PBXBuildFile; fileRef = 6CB6E81E18586A3800B99AA3 /* InfoPlist.strings */; };
		6CB6E82218586A3800B99AA3 /* EChartTests.m in Sources */ = {isa = PBXBuildFile; fileRef = 6CB6E82118586A3800B99AA3 /* EChartTests.m */; };
		6CB6E82D18586C6300B99AA3 /* EColumnChartViewController.m in Sources */ = {isa = PBXBuildFile; fileRef = 6CB6E82C18586C6300B99AA3 /* EColumnChartViewController.m */; };
		6CB6E83118586D2500B99AA3 /* EColumnChart.m in Sources */ = {isa = PBXBuildFile; fileRef = 6CB6E83018586D2500B99AA3 /* EColumnChart.m */; };
		6CB6E8351858750300B99AA3 /* EColumn.m in Sources */ = {isa = PBXBuildFile; fileRef = 6CB6E8341858750300B99AA3 /* EColumn.m */; };
		6CBE6F4C1892584E00C439D6 /* EPieChartViewController.m in Sources */ = {isa = PBXBuildFile; fileRef = 6CBE6F4B1892584E00C439D6 /* EPieChartViewController.m */; };
		6CBE6F4F1892586D00C439D6 /* EPieChart.m in Sources */ = {isa = PBXBuildFile; fileRef = 6CBE6F4E1892586D00C439D6 /* EPieChart.m */; };
		A69362AF186B00820082E97A /* ELineChart.m in Sources */ = {isa = PBXBuildFile; fileRef = A69362AE186B00820082E97A /* ELineChart.m */; };
		A69362B2186B012E0082E97A /* ELineChartViewController.m in Sources */ = {isa = PBXBuildFile; fileRef = A69362B1186B012E0082E97A /* ELineChartViewController.m */; };
		A6E24999185A02FF00009F49 /* EColumnDataModel.m in Sources */ = {isa = PBXBuildFile; fileRef = A6E24998185A02FF00009F49 /* EColumnDataModel.m */; };
		D255F5881899C7EC0054691D /* EViewSwitcherViewController.m in Sources */ = {isa = PBXBuildFile; fileRef = D255F5871899C7EC0054691D /* EViewSwitcherViewController.m */; };
		D255F58B1899C8400054691D /* EViewSwitcher.m in Sources */ = {isa = PBXBuildFile; fileRef = D255F58A1899C8400054691D /* EViewSwitcher.m */; };
		D2ED74A118799ECF0040D1AF /* ELineChartDataModel.m in Sources */ = {isa = PBXBuildFile; fileRef = D2ED74A018799ECF0040D1AF /* ELineChartDataModel.m */; };
/* End PBXBuildFile section */

/* Begin PBXContainerItemProxy section */
		6CB6E81918586A3800B99AA3 /* PBXContainerItemProxy */ = {
			isa = PBXContainerItemProxy;
			containerPortal = 6CB6E7EB18586A3700B99AA3 /* Project object */;
			proxyType = 1;
			remoteGlobalIDString = 6CB6E7F218586A3700B99AA3;
			remoteInfo = EChart;
		};
/* End PBXContainerItemProxy section */

/* Begin PBXFileReference section */
		6C5EB30918862D710055FFE4 /* ELine.h */ = {isa = PBXFileReference; fileEncoding = 4; lastKnownFileType = sourcecode.c.h; path = ELine.h; sourceTree = "<group>"; };
		6C5EB30A18862D710055FFE4 /* ELine.m */ = {isa = PBXFileReference; fileEncoding = 4; lastKnownFileType = sourcecode.c.objc; path = ELine.m; sourceTree = "<group>"; };
		6C795C8018596AA500C80D60 /* EColor.h */ = {isa = PBXFileReference; fileEncoding = 4; lastKnownFileType = sourcecode.c.h; path = EColor.h; sourceTree = "<group>"; };
		6C795C8118596AA500C80D60 /* EColor.m */ = {isa = PBXFileReference; fileEncoding = 4; lastKnownFileType = sourcecode.c.objc; path = EColor.m; sourceTree = "<group>"; };
		6C9EDB311860281200291D95 /* EFloatBox.h */ = {isa = PBXFileReference; fileEncoding = 4; lastKnownFileType = sourcecode.c.h; path = EFloatBox.h; sourceTree = "<group>"; };
		6C9EDB321860281200291D95 /* EFloatBox.m */ = {isa = PBXFileReference; fileEncoding = 4; lastKnownFileType = sourcecode.c.objc; path = EFloatBox.m; sourceTree = "<group>"; };
		6C9FB09B18962E14002920E6 /* UICountingLabel.h */ = {isa = PBXFileReference; fileEncoding = 4; lastKnownFileType = sourcecode.c.h; path = UICountingLabel.h; sourceTree = "<group>"; };
		6C9FB09C18962E14002920E6 /* UICountingLabel.m */ = {isa = PBXFileReference; fileEncoding = 4; lastKnownFileType = sourcecode.c.objc; path = UICountingLabel.m; sourceTree = "<group>"; };
		6CAE9BAC185AEB3F009AA75B /* EColumnChartLabel.h */ = {isa = PBXFileReference; fileEncoding = 4; lastKnownFileType = sourcecode.c.h; path = EColumnChartLabel.h; sourceTree = "<group>"; };
		6CAE9BAD185AEB3F009AA75B /* EColumnChartLabel.m */ = {isa = PBXFileReference; fileEncoding = 4; lastKnownFileType = sourcecode.c.objc; path = EColumnChartLabel.m; sourceTree = "<group>"; };
		6CB6E7F318586A3700B99AA3 /* EChartDemo.app */ = {isa = PBXFileReference; explicitFileType = wrapper.application; includeInIndex = 0; path = EChartDemo.app; sourceTree = BUILT_PRODUCTS_DIR; };
		6CB6E7F618586A3700B99AA3 /* Foundation.framework */ = {isa = PBXFileReference; lastKnownFileType = wrapper.framework; name = Foundation.framework; path = System/Library/Frameworks/Foundation.framework; sourceTree = SDKROOT; };
		6CB6E7F818586A3800B99AA3 /* CoreGraphics.framework */ = {isa = PBXFileReference; lastKnownFileType = wrapper.framework; name = CoreGraphics.framework; path = System/Library/Frameworks/CoreGraphics.framework; sourceTree = SDKROOT; };
		6CB6E7FA18586A3800B99AA3 /* UIKit.framework */ = {isa = PBXFileReference; lastKnownFileType = wrapper.framework; name = UIKit.framework; path = System/Library/Frameworks/UIKit.framework; sourceTree = SDKROOT; };
		6CB6E7FE18586A3800B99AA3 /* EChart-Info.plist */ = {isa = PBXFileReference; lastKnownFileType = text.plist.xml; path = "EChart-Info.plist"; sourceTree = "<group>"; };
		6CB6E80018586A3800B99AA3 /* en */ = {isa = PBXFileReference; lastKnownFileType = text.plist.strings; name = en; path = en.lproj/InfoPlist.strings; sourceTree = "<group>"; };
		6CB6E80218586A3800B99AA3 /* main.m */ = {isa = PBXFileReference; lastKnownFileType = sourcecode.c.objc; path = main.m; sourceTree = "<group>"; };
		6CB6E80418586A3800B99AA3 /* EChartDemo-Prefix.pch */ = {isa = PBXFileReference; lastKnownFileType = sourcecode.c.h; path = "EChartDemo-Prefix.pch"; sourceTree = "<group>"; };
		6CB6E80518586A3800B99AA3 /* EChartAppDelegate.h */ = {isa = PBXFileReference; lastKnownFileType = sourcecode.c.h; path = EChartAppDelegate.h; sourceTree = "<group>"; };
		6CB6E80618586A3800B99AA3 /* EChartAppDelegate.m */ = {isa = PBXFileReference; lastKnownFileType = sourcecode.c.objc; path = EChartAppDelegate.m; sourceTree = "<group>"; };
		6CB6E80918586A3800B99AA3 /* Base */ = {isa = PBXFileReference; lastKnownFileType = file.storyboard; name = Base; path = Base.lproj/Main.storyboard; sourceTree = "<group>"; };
		6CB6E80B18586A3800B99AA3 /* EChartViewController.h */ = {isa = PBXFileReference; lastKnownFileType = sourcecode.c.h; path = EChartViewController.h; sourceTree = "<group>"; };
		6CB6E80C18586A3800B99AA3 /* EChartViewController.m */ = {isa = PBXFileReference; lastKnownFileType = sourcecode.c.objc; path = EChartViewController.m; sourceTree = "<group>"; };
		6CB6E80E18586A3800B99AA3 /* Images.xcassets */ = {isa = PBXFileReference; lastKnownFileType = folder.assetcatalog; path = Images.xcassets; sourceTree = "<group>"; };
		6CB6E81418586A3800B99AA3 /* EChartDemoTests.xctest */ = {isa = PBXFileReference; explicitFileType = wrapper.cfbundle; includeInIndex = 0; path = EChartDemoTests.xctest; sourceTree = BUILT_PRODUCTS_DIR; };
		6CB6E81518586A3800B99AA3 /* XCTest.framework */ = {isa = PBXFileReference; lastKnownFileType = wrapper.framework; name = XCTest.framework; path = Library/Frameworks/XCTest.framework; sourceTree = DEVELOPER_DIR; };
		6CB6E81D18586A3800B99AA3 /* EChartDemoTests-Info.plist */ = {isa = PBXFileReference; lastKnownFileType = text.plist.xml; path = "EChartDemoTests-Info.plist"; sourceTree = "<group>"; };
		6CB6E81F18586A3800B99AA3 /* en */ = {isa = PBXFileReference; lastKnownFileType = text.plist.strings; name = en; path = en.lproj/InfoPlist.strings; sourceTree = "<group>"; };
		6CB6E82118586A3800B99AA3 /* EChartTests.m */ = {isa = PBXFileReference; lastKnownFileType = sourcecode.c.objc; path = EChartTests.m; sourceTree = "<group>"; };
		6CB6E82B18586C6300B99AA3 /* EColumnChartViewController.h */ = {isa = PBXFileReference; fileEncoding = 4; lastKnownFileType = sourcecode.c.h; path = EColumnChartViewController.h; sourceTree = "<group>"; };
		6CB6E82C18586C6300B99AA3 /* EColumnChartViewController.m */ = {isa = PBXFileReference; fileEncoding = 4; lastKnownFileType = sourcecode.c.objc; path = EColumnChartViewController.m; sourceTree = "<group>"; };
		6CB6E82F18586D2500B99AA3 /* EColumnChart.h */ = {isa = PBXFileReference; fileEncoding = 4; lastKnownFileType = sourcecode.c.h; path = EColumnChart.h; sourceTree = "<group>"; };
		6CB6E83018586D2500B99AA3 /* EColumnChart.m */ = {isa = PBXFileReference; fileEncoding = 4; lastKnownFileType = sourcecode.c.objc; path = EColumnChart.m; sourceTree = "<group>"; };
		6CB6E8331858750300B99AA3 /* EColumn.h */ = {isa = PBXFileReference; fileEncoding = 4; lastKnownFileType = sourcecode.c.h; path = EColumn.h; sourceTree = "<group>"; };
		6CB6E8341858750300B99AA3 /* EColumn.m */ = {isa = PBXFileReference; fileEncoding = 4; lastKnownFileType = sourcecode.c.objc; path = EColumn.m; sourceTree = "<group>"; };
		6CBE6F4A1892584E00C439D6 /* EPieChartViewController.h */ = {isa = PBXFileReference; fileEncoding = 4; lastKnownFileType = sourcecode.c.h; path = EPieChartViewController.h; sourceTree = "<group>"; };
		6CBE6F4B1892584E00C439D6 /* EPieChartViewController.m */ = {isa = PBXFileReference; fileEncoding = 4; lastKnownFileType = sourcecode.c.objc; path = EPieChartViewController.m; sourceTree = "<group>"; };
		6CBE6F4D1892586D00C439D6 /* EPieChart.h */ = {isa = PBXFileReference; fileEncoding = 4; lastKnownFileType = sourcecode.c.h; path = EPieChart.h; sourceTree = "<group>"; };
		6CBE6F4E1892586D00C439D6 /* EPieChart.m */ = {isa = PBXFileReference; fileEncoding = 4; lastKnownFileType = sourcecode.c.objc; path = EPieChart.m; sourceTree = "<group>"; };
		A69362AD186B00820082E97A /* ELineChart.h */ = {isa = PBXFileReference; fileEncoding = 4; lastKnownFileType = sourcecode.c.h; path = ELineChart.h; sourceTree = "<group>"; };
		A69362AE186B00820082E97A /* ELineChart.m */ = {isa = PBXFileReference; fileEncoding = 4; lastKnownFileType = sourcecode.c.objc; path = ELineChart.m; sourceTree = "<group>"; };
		A69362B0186B012E0082E97A /* ELineChartViewController.h */ = {isa = PBXFileReference; fileEncoding = 4; lastKnownFileType = sourcecode.c.h; path = ELineChartViewController.h; sourceTree = "<group>"; };
		A69362B1186B012E0082E97A /* ELineChartViewController.m */ = {isa = PBXFileReference; fileEncoding = 4; lastKnownFileType = sourcecode.c.objc; path = ELineChartViewController.m; sourceTree = "<group>"; };
		A6E24997185A02FF00009F49 /* EColumnDataModel.h */ = {isa = PBXFileReference; fileEncoding = 4; lastKnownFileType = sourcecode.c.h; path = EColumnDataModel.h; sourceTree = "<group>"; };
		A6E24998185A02FF00009F49 /* EColumnDataModel.m */ = {isa = PBXFileReference; fileEncoding = 4; lastKnownFileType = sourcecode.c.objc; path = EColumnDataModel.m; sourceTree = "<group>"; };
		D255F5861899C7EC0054691D /* EViewSwitcherViewController.h */ = {isa = PBXFileReference; fileEncoding = 4; lastKnownFileType = sourcecode.c.h; path = EViewSwitcherViewController.h; sourceTree = "<group>"; };
		D255F5871899C7EC0054691D /* EViewSwitcherViewController.m */ = {isa = PBXFileReference; fileEncoding = 4; lastKnownFileType = sourcecode.c.objc; path = EViewSwitcherViewController.m; sourceTree = "<group>"; };
		D255F5891899C8400054691D /* EViewSwitcher.h */ = {isa = PBXFileReference; fileEncoding = 4; lastKnownFileType = sourcecode.c.h; path = EViewSwitcher.h; sourceTree = "<group>"; };
		D255F58A1899C8400054691D /* EViewSwitcher.m */ = {isa = PBXFileReference; fileEncoding = 4; lastKnownFileType = sourcecode.c.objc; path = EViewSwitcher.m; sourceTree = "<group>"; };
		D2DC4AB919E7BD110064E34A /* EChartTests-Prefix.pch */ = {isa = PBXFileReference; lastKnownFileType = sourcecode.c.h; path = "EChartTests-Prefix.pch"; sourceTree = "<group>"; };
		D2ED749F18799ECF0040D1AF /* ELineChartDataModel.h */ = {isa = PBXFileReference; fileEncoding = 4; lastKnownFileType = sourcecode.c.h; path = ELineChartDataModel.h; sourceTree = "<group>"; };
		D2ED74A018799ECF0040D1AF /* ELineChartDataModel.m */ = {isa = PBXFileReference; fileEncoding = 4; lastKnownFileType = sourcecode.c.objc; path = ELineChartDataModel.m; sourceTree = "<group>"; };
/* End PBXFileReference section */

/* Begin PBXFrameworksBuildPhase section */
		6CB6E7F018586A3700B99AA3 /* Frameworks */ = {
			isa = PBXFrameworksBuildPhase;
			buildActionMask = 2147483647;
			files = (
				6CB6E7F918586A3800B99AA3 /* CoreGraphics.framework in Frameworks */,
				6CB6E7FB18586A3800B99AA3 /* UIKit.framework in Frameworks */,
				6CB6E7F718586A3700B99AA3 /* Foundation.framework in Frameworks */,
			);
			runOnlyForDeploymentPostprocessing = 0;
		};
		6CB6E81118586A3800B99AA3 /* Frameworks */ = {
			isa = PBXFrameworksBuildPhase;
			buildActionMask = 2147483647;
			files = (
				6CB6E81618586A3800B99AA3 /* XCTest.framework in Frameworks */,
				6CB6E81818586A3800B99AA3 /* UIKit.framework in Frameworks */,
				6CB6E81718586A3800B99AA3 /* Foundation.framework in Frameworks */,
			);
			runOnlyForDeploymentPostprocessing = 0;
		};
/* End PBXFrameworksBuildPhase section */

/* Begin PBXGroup section */
		6C9FB09A18962E06002920E6 /* ThirdParty */ = {
			isa = PBXGroup;
			children = (
				6C9FB09B18962E14002920E6 /* UICountingLabel.h */,
				6C9FB09C18962E14002920E6 /* UICountingLabel.m */,
			);
			name = ThirdParty;
			sourceTree = "<group>";
		};
		6CB6E7EA18586A3700B99AA3 = {
			isa = PBXGroup;
			children = (
				A6E879321866B502007B2977 /* EChart */,
				6CB6E7FC18586A3800B99AA3 /* EChartDemo */,
				6CB6E81B18586A3800B99AA3 /* EChartTests */,
				6CB6E7F518586A3700B99AA3 /* Frameworks */,
				6CB6E7F418586A3700B99AA3 /* Products */,
			);
			sourceTree = "<group>";
		};
		6CB6E7F418586A3700B99AA3 /* Products */ = {
			isa = PBXGroup;
			children = (
				6CB6E7F318586A3700B99AA3 /* EChartDemo.app */,
				6CB6E81418586A3800B99AA3 /* EChartDemoTests.xctest */,
			);
			name = Products;
			sourceTree = "<group>";
		};
		6CB6E7F518586A3700B99AA3 /* Frameworks */ = {
			isa = PBXGroup;
			children = (
				6CB6E7F618586A3700B99AA3 /* Foundation.framework */,
				6CB6E7F818586A3800B99AA3 /* CoreGraphics.framework */,
				6CB6E7FA18586A3800B99AA3 /* UIKit.framework */,
				6CB6E81518586A3800B99AA3 /* XCTest.framework */,
			);
			name = Frameworks;
			sourceTree = "<group>";
		};
		6CB6E7FC18586A3800B99AA3 /* EChartDemo */ = {
			isa = PBXGroup;
			children = (
				A69362B3186B01400082E97A /* ViewControllers */,
				6CB6E80518586A3800B99AA3 /* EChartAppDelegate.h */,
				6CB6E80618586A3800B99AA3 /* EChartAppDelegate.m */,
				6CB6E80818586A3800B99AA3 /* Main.storyboard */,
				6CB6E80E18586A3800B99AA3 /* Images.xcassets */,
				6CB6E7FD18586A3800B99AA3 /* Supporting Files */,
			);
			path = EChartDemo;
			sourceTree = "<group>";
		};
		6CB6E7FD18586A3800B99AA3 /* Supporting Files */ = {
			isa = PBXGroup;
			children = (
				6CB6E7FE18586A3800B99AA3 /* EChart-Info.plist */,
				6CB6E7FF18586A3800B99AA3 /* InfoPlist.strings */,
				6CB6E80218586A3800B99AA3 /* main.m */,
				6CB6E80418586A3800B99AA3 /* EChartDemo-Prefix.pch */,
			);
			name = "Supporting Files";
			sourceTree = "<group>";
		};
		6CB6E81B18586A3800B99AA3 /* EChartTests */ = {
			isa = PBXGroup;
			children = (
				6CB6E82118586A3800B99AA3 /* EChartTests.m */,
				6CB6E81C18586A3800B99AA3 /* Supporting Files */,
			);
			path = EChartTests;
			sourceTree = "<group>";
		};
		6CB6E81C18586A3800B99AA3 /* Supporting Files */ = {
			isa = PBXGroup;
			children = (
				D2DC4AB919E7BD110064E34A /* EChartTests-Prefix.pch */,
				6CB6E81D18586A3800B99AA3 /* EChartDemoTests-Info.plist */,
				6CB6E81E18586A3800B99AA3 /* InfoPlist.strings */,
			);
			name = "Supporting Files";
			sourceTree = "<group>";
		};
		6CB6E82E18586CD700B99AA3 /* Charts */ = {
			isa = PBXGroup;
			children = (
				6CB6E82F18586D2500B99AA3 /* EColumnChart.h */,
				6CB6E83018586D2500B99AA3 /* EColumnChart.m */,
				A69362AD186B00820082E97A /* ELineChart.h */,
				A69362AE186B00820082E97A /* ELineChart.m */,
				6CBE6F4D1892586D00C439D6 /* EPieChart.h */,
				6CBE6F4E1892586D00C439D6 /* EPieChart.m */,
				D255F5891899C8400054691D /* EViewSwitcher.h */,
				D255F58A1899C8400054691D /* EViewSwitcher.m */,
			);
			name = Charts;
			sourceTree = "<group>";
		};
		6CB6E832185874CA00B99AA3 /* Components */ = {
			isa = PBXGroup;
			children = (
				6CB6E8331858750300B99AA3 /* EColumn.h */,
				6CB6E8341858750300B99AA3 /* EColumn.m */,
				6C795C8018596AA500C80D60 /* EColor.h */,
				6C795C8118596AA500C80D60 /* EColor.m */,
				A6E24997185A02FF00009F49 /* EColumnDataModel.h */,
				A6E24998185A02FF00009F49 /* EColumnDataModel.m */,
				6CAE9BAC185AEB3F009AA75B /* EColumnChartLabel.h */,
				6CAE9BAD185AEB3F009AA75B /* EColumnChartLabel.m */,
				6C9EDB311860281200291D95 /* EFloatBox.h */,
				6C9EDB321860281200291D95 /* EFloatBox.m */,
				D2ED749F18799ECF0040D1AF /* ELineChartDataModel.h */,
				D2ED74A018799ECF0040D1AF /* ELineChartDataModel.m */,
				6C5EB30918862D710055FFE4 /* ELine.h */,
				6C5EB30A18862D710055FFE4 /* ELine.m */,
			);
			name = Components;
			sourceTree = "<group>";
		};
		A69362B3186B01400082E97A /* ViewControllers */ = {
			isa = PBXGroup;
			children = (
				6CB6E80B18586A3800B99AA3 /* EChartViewController.h */,
				6CB6E80C18586A3800B99AA3 /* EChartViewController.m */,
				6CB6E82B18586C6300B99AA3 /* EColumnChartViewController.h */,
				6CB6E82C18586C6300B99AA3 /* EColumnChartViewController.m */,
				A69362B0186B012E0082E97A /* ELineChartViewController.h */,
				A69362B1186B012E0082E97A /* ELineChartViewController.m */,
				6CBE6F4A1892584E00C439D6 /* EPieChartViewController.h */,
				6CBE6F4B1892584E00C439D6 /* EPieChartViewController.m */,
				D255F5861899C7EC0054691D /* EViewSwitcherViewController.h */,
				D255F5871899C7EC0054691D /* EViewSwitcherViewController.m */,
			);
			name = ViewControllers;
			sourceTree = "<group>";
		};
		A6E879321866B502007B2977 /* EChart */ = {
			isa = PBXGroup;
			children = (
				6C9FB09A18962E06002920E6 /* ThirdParty */,
				6CB6E832185874CA00B99AA3 /* Components */,
				6CB6E82E18586CD700B99AA3 /* Charts */,
			);
			path = EChart;
			sourceTree = "<group>";
		};
/* End PBXGroup section */

/* Begin PBXNativeTarget section */
		6CB6E7F218586A3700B99AA3 /* EChartDemo */ = {
			isa = PBXNativeTarget;
			buildConfigurationList = 6CB6E82518586A3800B99AA3 /* Build configuration list for PBXNativeTarget "EChartDemo" */;
			buildPhases = (
				6CB6E7EF18586A3700B99AA3 /* Sources */,
				6CB6E7F018586A3700B99AA3 /* Frameworks */,
				6CB6E7F118586A3700B99AA3 /* Resources */,
			);
			buildRules = (
			);
			dependencies = (
			);
			name = EChartDemo;
			productName = EChart;
			productReference = 6CB6E7F318586A3700B99AA3 /* EChartDemo.app */;
			productType = "com.apple.product-type.application";
		};
		6CB6E81318586A3800B99AA3 /* EChartDemoTests */ = {
			isa = PBXNativeTarget;
			buildConfigurationList = 6CB6E82818586A3800B99AA3 /* Build configuration list for PBXNativeTarget "EChartDemoTests" */;
			buildPhases = (
				6CB6E81018586A3800B99AA3 /* Sources */,
				6CB6E81118586A3800B99AA3 /* Frameworks */,
				6CB6E81218586A3800B99AA3 /* Resources */,
			);
			buildRules = (
			);
			dependencies = (
				6CB6E81A18586A3800B99AA3 /* PBXTargetDependency */,
			);
			name = EChartDemoTests;
			productName = EChartTests;
			productReference = 6CB6E81418586A3800B99AA3 /* EChartDemoTests.xctest */;
			productType = "com.apple.product-type.bundle.unit-test";
		};
/* End PBXNativeTarget section */

/* Begin PBXProject section */
		6CB6E7EB18586A3700B99AA3 /* Project object */ = {
			isa = PBXProject;
			attributes = {
				CLASSPREFIX = EChart;
				LastUpgradeCheck = 0600;
				ORGANIZATIONNAME = "Scott Zhu";
				TargetAttributes = {
					6CB6E81318586A3800B99AA3 = {
						TestTargetID = 6CB6E7F218586A3700B99AA3;
					};
				};
			};
			buildConfigurationList = 6CB6E7EE18586A3700B99AA3 /* Build configuration list for PBXProject "EChartDemo" */;
			compatibilityVersion = "Xcode 3.2";
			developmentRegion = English;
			hasScannedForEncodings = 0;
			knownRegions = (
				en,
				Base,
			);
			mainGroup = 6CB6E7EA18586A3700B99AA3;
			productRefGroup = 6CB6E7F418586A3700B99AA3 /* Products */;
			projectDirPath = "";
			projectRoot = "";
			targets = (
				6CB6E7F218586A3700B99AA3 /* EChartDemo */,
				6CB6E81318586A3800B99AA3 /* EChartDemoTests */,
			);
		};
/* End PBXProject section */

/* Begin PBXResourcesBuildPhase section */
		6CB6E7F118586A3700B99AA3 /* Resources */ = {
			isa = PBXResourcesBuildPhase;
			buildActionMask = 2147483647;
			files = (
				6CB6E80F18586A3800B99AA3 /* Images.xcassets in Resources */,
				6CB6E80118586A3800B99AA3 /* InfoPlist.strings in Resources */,
				6CB6E80A18586A3800B99AA3 /* Main.storyboard in Resources */,
			);
			runOnlyForDeploymentPostprocessing = 0;
		};
		6CB6E81218586A3800B99AA3 /* Resources */ = {
			isa = PBXResourcesBuildPhase;
			buildActionMask = 2147483647;
			files = (
				6CB6E82018586A3800B99AA3 /* InfoPlist.strings in Resources */,
			);
			runOnlyForDeploymentPostprocessing = 0;
		};
/* End PBXResourcesBuildPhase section */

/* Begin PBXSourcesBuildPhase section */
		6CB6E7EF18586A3700B99AA3 /* Sources */ = {
			isa = PBXSourcesBuildPhase;
			buildActionMask = 2147483647;
			files = (
				6CB6E80318586A3800B99AA3 /* main.m in Sources */,
				6CB6E8351858750300B99AA3 /* EColumn.m in Sources */,
				6CAE9BAE185AEB3F009AA75B /* EColumnChartLabel.m in Sources */,
				6CB6E83118586D2500B99AA3 /* EColumnChart.m in Sources */,
				A6E24999185A02FF00009F49 /* EColumnDataModel.m in Sources */,
				6CBE6F4C1892584E00C439D6 /* EPieChartViewController.m in Sources */,
				D255F5881899C7EC0054691D /* EViewSwitcherViewController.m in Sources */,
				D2ED74A118799ECF0040D1AF /* ELineChartDataModel.m in Sources */,
				6C9FB09D18962E14002920E6 /* UICountingLabel.m in Sources */,
				6CB6E80D18586A3800B99AA3 /* EChartViewController.m in Sources */,
				6CB6E80718586A3800B99AA3 /* EChartAppDelegate.m in Sources */,
				A69362B2186B012E0082E97A /* ELineChartViewController.m in Sources */,
				6C795C8218596AA500C80D60 /* EColor.m in Sources */,
				6CBE6F4F1892586D00C439D6 /* EPieChart.m in Sources */,
				A69362AF186B00820082E97A /* ELineChart.m in Sources */,
				6C5EB30B18862D710055FFE4 /* ELine.m in Sources */,
				6C9EDB331860281200291D95 /* EFloatBox.m in Sources */,
				D255F58B1899C8400054691D /* EViewSwitcher.m in Sources */,
				6CB6E82D18586C6300B99AA3 /* EColumnChartViewController.m in Sources */,
			);
			runOnlyForDeploymentPostprocessing = 0;
		};
		6CB6E81018586A3800B99AA3 /* Sources */ = {
			isa = PBXSourcesBuildPhase;
			buildActionMask = 2147483647;
			files = (
				6CB6E82218586A3800B99AA3 /* EChartTests.m in Sources */,
			);
			runOnlyForDeploymentPostprocessing = 0;
		};
/* End PBXSourcesBuildPhase section */

/* Begin PBXTargetDependency section */
		6CB6E81A18586A3800B99AA3 /* PBXTargetDependency */ = {
			isa = PBXTargetDependency;
			target = 6CB6E7F218586A3700B99AA3 /* EChartDemo */;
			targetProxy = 6CB6E81918586A3800B99AA3 /* PBXContainerItemProxy */;
		};
/* End PBXTargetDependency section */

/* Begin PBXVariantGroup section */
		6CB6E7FF18586A3800B99AA3 /* InfoPlist.strings */ = {
			isa = PBXVariantGroup;
			children = (
				6CB6E80018586A3800B99AA3 /* en */,
			);
			name = InfoPlist.strings;
			sourceTree = "<group>";
		};
		6CB6E80818586A3800B99AA3 /* Main.storyboard */ = {
			isa = PBXVariantGroup;
			children = (
				6CB6E80918586A3800B99AA3 /* Base */,
			);
			name = Main.storyboard;
			sourceTree = "<group>";
		};
		6CB6E81E18586A3800B99AA3 /* InfoPlist.strings */ = {
			isa = PBXVariantGroup;
			children = (
				6CB6E81F18586A3800B99AA3 /* en */,
			);
			name = InfoPlist.strings;
			sourceTree = "<group>";
		};
/* End PBXVariantGroup section */

/* Begin XCBuildConfiguration section */
		6CB6E82318586A3800B99AA3 /* Debug */ = {
			isa = XCBuildConfiguration;
			buildSettings = {
				ALWAYS_SEARCH_USER_PATHS = NO;
				CLANG_CXX_LANGUAGE_STANDARD = "gnu++0x";
				CLANG_CXX_LIBRARY = "libc++";
				CLANG_ENABLE_MODULES = YES;
				CLANG_ENABLE_OBJC_ARC = YES;
				CLANG_WARN_BOOL_CONVERSION = YES;
				CLANG_WARN_CONSTANT_CONVERSION = YES;
				CLANG_WARN_DIRECT_OBJC_ISA_USAGE = YES_ERROR;
				CLANG_WARN_EMPTY_BODY = YES;
				CLANG_WARN_ENUM_CONVERSION = YES;
				CLANG_WARN_INT_CONVERSION = YES;
				CLANG_WARN_OBJC_ROOT_CLASS = YES_ERROR;
				CLANG_WARN__DUPLICATE_METHOD_MATCH = YES;
				"CODE_SIGN_IDENTITY[sdk=iphoneos*]" = "iPhone Developer";
				COPY_PHASE_STRIP = NO;
				GCC_C_LANGUAGE_STANDARD = gnu99;
				GCC_DYNAMIC_NO_PIC = NO;
				GCC_OPTIMIZATION_LEVEL = 0;
				GCC_PREPROCESSOR_DEFINITIONS = (
					"DEBUG=1",
					"$(inherited)",
				);
				GCC_SYMBOLS_PRIVATE_EXTERN = NO;
				GCC_WARN_64_TO_32_BIT_CONVERSION = YES;
				GCC_WARN_ABOUT_RETURN_TYPE = YES_ERROR;
				GCC_WARN_UNDECLARED_SELECTOR = YES;
				GCC_WARN_UNINITIALIZED_AUTOS = YES;
				GCC_WARN_UNUSED_FUNCTION = YES;
				GCC_WARN_UNUSED_VARIABLE = YES;
				IPHONEOS_DEPLOYMENT_TARGET = 7.0;
				ONLY_ACTIVE_ARCH = YES;
				SDKROOT = iphoneos;
			};
			name = Debug;
		};
		6CB6E82418586A3800B99AA3 /* Release */ = {
			isa = XCBuildConfiguration;
			buildSettings = {
				ALWAYS_SEARCH_USER_PATHS = NO;
				CLANG_CXX_LANGUAGE_STANDARD = "gnu++0x";
				CLANG_CXX_LIBRARY = "libc++";
				CLANG_ENABLE_MODULES = YES;
				CLANG_ENABLE_OBJC_ARC = YES;
				CLANG_WARN_BOOL_CONVERSION = YES;
				CLANG_WARN_CONSTANT_CONVERSION = YES;
				CLANG_WARN_DIRECT_OBJC_ISA_USAGE = YES_ERROR;
				CLANG_WARN_EMPTY_BODY = YES;
				CLANG_WARN_ENUM_CONVERSION = YES;
				CLANG_WARN_INT_CONVERSION = YES;
				CLANG_WARN_OBJC_ROOT_CLASS = YES_ERROR;
				CLANG_WARN__DUPLICATE_METHOD_MATCH = YES;
				"CODE_SIGN_IDENTITY[sdk=iphoneos*]" = "iPhone Developer";
				COPY_PHASE_STRIP = YES;
				ENABLE_NS_ASSERTIONS = NO;
				GCC_C_LANGUAGE_STANDARD = gnu99;
				GCC_WARN_64_TO_32_BIT_CONVERSION = YES;
				GCC_WARN_ABOUT_RETURN_TYPE = YES_ERROR;
				GCC_WARN_UNDECLARED_SELECTOR = YES;
				GCC_WARN_UNINITIALIZED_AUTOS = YES;
				GCC_WARN_UNUSED_FUNCTION = YES;
				GCC_WARN_UNUSED_VARIABLE = YES;
				IPHONEOS_DEPLOYMENT_TARGET = 7.0;
				SDKROOT = iphoneos;
				VALIDATE_PRODUCT = YES;
			};
			name = Release;
		};
		6CB6E82618586A3800B99AA3 /* Debug */ = {
			isa = XCBuildConfiguration;
			buildSettings = {
				ASSETCATALOG_COMPILER_APPICON_NAME = AppIcon;
				ASSETCATALOG_COMPILER_LAUNCHIMAGE_NAME = LaunchImage;
				GCC_PRECOMPILE_PREFIX_HEADER = YES;
				GCC_PREFIX_HEADER = "EChartDemo/EChartDemo-Prefix.pch";
				INFOPLIST_FILE = "EChartDemo/EChart-Info.plist";
				IPHONEOS_DEPLOYMENT_TARGET = 7.0;
				PRODUCT_NAME = EChartDemo;
				WRAPPER_EXTENSION = app;
			};
			name = Debug;
		};
		6CB6E82718586A3800B99AA3 /* Release */ = {
			isa = XCBuildConfiguration;
			buildSettings = {
				ASSETCATALOG_COMPILER_APPICON_NAME = AppIcon;
				ASSETCATALOG_COMPILER_LAUNCHIMAGE_NAME = LaunchImage;
				GCC_PRECOMPILE_PREFIX_HEADER = YES;
				GCC_PREFIX_HEADER = "EChartDemo/EChartDemo-Prefix.pch";
				INFOPLIST_FILE = "EChartDemo/EChart-Info.plist";
				IPHONEOS_DEPLOYMENT_TARGET = 7.0;
				PRODUCT_NAME = EChartDemo;
				WRAPPER_EXTENSION = app;
			};
			name = Release;
		};
		6CB6E82918586A3800B99AA3 /* Debug */ = {
			isa = XCBuildConfiguration;
			buildSettings = {
				BUNDLE_LOADER = "$(BUILT_PRODUCTS_DIR)/EChartDemo.app/EChartDemo";
				FRAMEWORK_SEARCH_PATHS = (
					"$(SDKROOT)/Developer/Library/Frameworks",
					"$(inherited)",
					"$(DEVELOPER_FRAMEWORKS_DIR)",
				);
				GCC_PRECOMPILE_PREFIX_HEADER = YES;
				GCC_PREFIX_HEADER = "EChartTests/EChartTests-Prefix.pch";
				GCC_PREPROCESSOR_DEFINITIONS = (
					"DEBUG=1",
					"$(inherited)",
				);
				INFOPLIST_FILE = "EChartTests/EChartDemoTests-Info.plist";
				PRODUCT_NAME = EChartDemoTests;
				TEST_HOST = "$(BUNDLE_LOADER)";
				WRAPPER_EXTENSION = xctest;
			};
			name = Debug;
		};
		6CB6E82A18586A3800B99AA3 /* Release */ = {
			isa = XCBuildConfiguration;
			buildSettings = {
				BUNDLE_LOADER = "$(BUILT_PRODUCTS_DIR)/EChartDemo.app/EChartDemo";
				FRAMEWORK_SEARCH_PATHS = (
					"$(SDKROOT)/Developer/Library/Frameworks",
					"$(inherited)",
					"$(DEVELOPER_FRAMEWORKS_DIR)",
				);
				GCC_PRECOMPILE_PREFIX_HEADER = YES;
				GCC_PREFIX_HEADER = "EChartTests/EChartTests-Prefix.pch";
				INFOPLIST_FILE = "EChartTests/EChartDemoTests-Info.plist";
				PRODUCT_NAME = EChartDemoTests;
				TEST_HOST = "$(BUNDLE_LOADER)";
				WRAPPER_EXTENSION = xctest;
			};
			name = Release;
		};
/* End XCBuildConfiguration section */

/* Begin XCConfigurationList section */
		6CB6E7EE18586A3700B99AA3 /* Build configuration list for PBXProject "EChartDemo" */ = {
			isa = XCConfigurationList;
			buildConfigurations = (
				6CB6E82318586A3800B99AA3 /* Debug */,
				6CB6E82418586A3800B99AA3 /* Release */,
			);
			defaultConfigurationIsVisible = 0;
			defaultConfigurationName = Release;
		};
		6CB6E82518586A3800B99AA3 /* Build configuration list for PBXNativeTarget "EChartDemo" */ = {
			isa = XCConfigurationList;
			buildConfigurations = (
				6CB6E82618586A3800B99AA3 /* Debug */,
				6CB6E82718586A3800B99AA3 /* Release */,
			);
			defaultConfigurationIsVisible = 0;
			defaultConfigurationName = Release;
		};
		6CB6E82818586A3800B99AA3 /* Build configuration list for PBXNativeTarget "EChartDemoTests" */ = {
			isa = XCConfigurationList;
			buildConfigurations = (
				6CB6E82918586A3800B99AA3 /* Debug */,
				6CB6E82A18586A3800B99AA3 /* Release */,
			);
			defaultConfigurationIsVisible = 0;
			defaultConfigurationName = Release;
		};
/* End XCConfigurationList section */
	};
	rootObject = 6CB6E7EB18586A3700B99AA3 /* Project object */;
}
